// !$*UTF8*$!
{
	archiveVersion = 1;
	classes = {
	};
	objectVersion = 50;
	objects = {

/* Begin PBXBuildFile section */
		74F162FE2681C24900A7BA37 /* AppDelegate.swift in Sources */ = {isa = PBXBuildFile; fileRef = 74F162FD2681C24900A7BA37 /* AppDelegate.swift */; };
		74F163002681C24900A7BA37 /* SceneDelegate.swift in Sources */ = {isa = PBXBuildFile; fileRef = 74F162FF2681C24900A7BA37 /* SceneDelegate.swift */; };
		74F163022681C24900A7BA37 /* ContentView.swift in Sources */ = {isa = PBXBuildFile; fileRef = 74F163012681C24900A7BA37 /* ContentView.swift */; };
		74F163042681C25000A7BA37 /* Assets.xcassets in Resources */ = {isa = PBXBuildFile; fileRef = 74F163032681C25000A7BA37 /* Assets.xcassets */; };
		74F163072681C25000A7BA37 /* Preview Assets.xcassets in Resources */ = {isa = PBXBuildFile; fileRef = 74F163062681C25000A7BA37 /* Preview Assets.xcassets */; };
		74F1630A2681C25000A7BA37 /* LaunchScreen.storyboard in Resources */ = {isa = PBXBuildFile; fileRef = 74F163082681C25000A7BA37 /* LaunchScreen.storyboard */; };
		74F163152681C25100A7BA37 /* imageSwiftUITests.swift in Sources */ = {isa = PBXBuildFile; fileRef = 74F163142681C25100A7BA37 /* imageSwiftUITests.swift */; };
		74F163202681C25100A7BA37 /* imageSwiftUIUITests.swift in Sources */ = {isa = PBXBuildFile; fileRef = 74F1631F2681C25100A7BA37 /* imageSwiftUIUITests.swift */; };
/* End PBXBuildFile section */

/* Begin PBXContainerItemProxy section */
		74F163112681C25100A7BA37 /* PBXContainerItemProxy */ = {
			isa = PBXContainerItemProxy;
			containerPortal = 74F162F22681C24900A7BA37 /* Project object */;
			proxyType = 1;
			remoteGlobalIDString = 74F162F92681C24900A7BA37;
			remoteInfo = imageSwiftUI;
		};
		74F1631C2681C25100A7BA37 /* PBXContainerItemProxy */ = {
			isa = PBXContainerItemProxy;
			containerPortal = 74F162F22681C24900A7BA37 /* Project object */;
			proxyType = 1;
			remoteGlobalIDString = 74F162F92681C24900A7BA37;
			remoteInfo = imageSwiftUI;
		};
/* End PBXContainerItemProxy section */

/* Begin PBXFileReference section */
		74F162FA2681C24900A7BA37 /* imageSwiftUI.app */ = {isa = PBXFileReference; explicitFileType = wrapper.application; includeInIndex = 0; path = imageSwiftUI.app; sourceTree = BUILT_PRODUCTS_DIR; };
		74F162FD2681C24900A7BA37 /* AppDelegate.swift */ = {isa = PBXFileReference; lastKnownFileType = sourcecode.swift; path = AppDelegate.swift; sourceTree = "<group>"; };
		74F162FF2681C24900A7BA37 /* SceneDelegate.swift */ = {isa = PBXFileReference; lastKnownFileType = sourcecode.swift; path = SceneDelegate.swift; sourceTree = "<group>"; };
		74F163012681C24900A7BA37 /* ContentView.swift */ = {isa = PBXFileReference; lastKnownFileType = sourcecode.swift; path = ContentView.swift; sourceTree = "<group>"; };
		74F163032681C25000A7BA37 /* Assets.xcassets */ = {isa = PBXFileReference; lastKnownFileType = folder.assetcatalog; path = Assets.xcassets; sourceTree = "<group>"; };
		74F163062681C25000A7BA37 /* Preview Assets.xcassets */ = {isa = PBXFileReference; lastKnownFileType = folder.assetcatalog; path = "Preview Assets.xcassets"; sourceTree = "<group>"; };
		74F163092681C25000A7BA37 /* Base */ = {isa = PBXFileReference; lastKnownFileType = file.storyboard; name = Base; path = Base.lproj/LaunchScreen.storyboard; sourceTree = "<group>"; };
		74F1630B2681C25000A7BA37 /* Info.plist */ = {isa = PBXFileReference; lastKnownFileType = text.plist.xml; path = Info.plist; sourceTree = "<group>"; };
		74F163102681C25100A7BA37 /* imageSwiftUITests.xctest */ = {isa = PBXFileReference; explicitFileType = wrapper.cfbundle; includeInIndex = 0; path = imageSwiftUITests.xctest; sourceTree = BUILT_PRODUCTS_DIR; };
		74F163142681C25100A7BA37 /* imageSwiftUITests.swift */ = {isa = PBXFileReference; lastKnownFileType = sourcecode.swift; path = imageSwiftUITests.swift; sourceTree = "<group>"; };
		74F163162681C25100A7BA37 /* Info.plist */ = {isa = PBXFileReference; lastKnownFileType = text.plist.xml; path = Info.plist; sourceTree = "<group>"; };
		74F1631B2681C25100A7BA37 /* imageSwiftUIUITests.xctest */ = {isa = PBXFileReference; explicitFileType = wrapper.cfbundle; includeInIndex = 0; path = imageSwiftUIUITests.xctest; sourceTree = BUILT_PRODUCTS_DIR; };
		74F1631F2681C25100A7BA37 /* imageSwiftUIUITests.swift */ = {isa = PBXFileReference; lastKnownFileType = sourcecode.swift; path = imageSwiftUIUITests.swift; sourceTree = "<group>"; };
		74F163212681C25100A7BA37 /* Info.plist */ = {isa = PBXFileReference; lastKnownFileType = text.plist.xml; path = Info.plist; sourceTree = "<group>"; };
/* End PBXFileReference section */

/* Begin PBXFrameworksBuildPhase section */
		74F162F72681C24900A7BA37 /* Frameworks */ = {
			isa = PBXFrameworksBuildPhase;
			buildActionMask = 2147483647;
			files = (
			);
			runOnlyForDeploymentPostprocessing = 0;
		};
		74F1630D2681C25100A7BA37 /* Frameworks */ = {
			isa = PBXFrameworksBuildPhase;
			buildActionMask = 2147483647;
			files = (
			);
			runOnlyForDeploymentPostprocessing = 0;
		};
		74F163182681C25100A7BA37 /* Frameworks */ = {
			isa = PBXFrameworksBuildPhase;
			buildActionMask = 2147483647;
			files = (
			);
			runOnlyForDeploymentPostprocessing = 0;
		};
/* End PBXFrameworksBuildPhase section */

/* Begin PBXGroup section */
		74F162F12681C24900A7BA37 = {
			isa = PBXGroup;
			children = (
				74F162FC2681C24900A7BA37 /* imageSwiftUI */,
				74F163132681C25100A7BA37 /* imageSwiftUITests */,
				74F1631E2681C25100A7BA37 /* imageSwiftUIUITests */,
				74F162FB2681C24900A7BA37 /* Products */,
			);
			sourceTree = "<group>";
		};
		74F162FB2681C24900A7BA37 /* Products */ = {
			isa = PBXGroup;
			children = (
				74F162FA2681C24900A7BA37 /* imageSwiftUI.app */,
				74F163102681C25100A7BA37 /* imageSwiftUITests.xctest */,
				74F1631B2681C25100A7BA37 /* imageSwiftUIUITests.xctest */,
			);
			name = Products;
			sourceTree = "<group>";
		};
		74F162FC2681C24900A7BA37 /* imageSwiftUI */ = {
			isa = PBXGroup;
			children = (
				74F162FD2681C24900A7BA37 /* AppDelegate.swift */,
				74F162FF2681C24900A7BA37 /* SceneDelegate.swift */,
				74F163012681C24900A7BA37 /* ContentView.swift */,
				74F163032681C25000A7BA37 /* Assets.xcassets */,
				74F163082681C25000A7BA37 /* LaunchScreen.storyboard */,
				74F1630B2681C25000A7BA37 /* Info.plist */,
				74F163052681C25000A7BA37 /* Preview Content */,
			);
			path = imageSwiftUI;
			sourceTree = "<group>";
		};
		74F163052681C25000A7BA37 /* Preview Content */ = {
			isa = PBXGroup;
			children = (
				74F163062681C25000A7BA37 /* Preview Assets.xcassets */,
			);
			path = "Preview Content";
			sourceTree = "<group>";
		};
		74F163132681C25100A7BA37 /* imageSwiftUITests */ = {
			isa = PBXGroup;
			children = (
				74F163142681C25100A7BA37 /* imageSwiftUITests.swift */,
				74F163162681C25100A7BA37 /* Info.plist */,
			);
			path = imageSwiftUITests;
			sourceTree = "<group>";
		};
		74F1631E2681C25100A7BA37 /* imageSwiftUIUITests */ = {
			isa = PBXGroup;
			children = (
				74F1631F2681C25100A7BA37 /* imageSwiftUIUITests.swift */,
				74F163212681C25100A7BA37 /* Info.plist */,
			);
			path = imageSwiftUIUITests;
			sourceTree = "<group>";
		};
/* End PBXGroup section */

/* Begin PBXNativeTarget section */
		74F162F92681C24900A7BA37 /* imageSwiftUI */ = {
			isa = PBXNativeTarget;
			buildConfigurationList = 74F163242681C25100A7BA37 /* Build configuration list for PBXNativeTarget "imageSwiftUI" */;
			buildPhases = (
				74F162F62681C24900A7BA37 /* Sources */,
				74F162F72681C24900A7BA37 /* Frameworks */,
				74F162F82681C24900A7BA37 /* Resources */,
			);
			buildRules = (
			);
			dependencies = (
			);
			name = imageSwiftUI;
			productName = imageSwiftUI;
			productReference = 74F162FA2681C24900A7BA37 /* imageSwiftUI.app */;
			productType = "com.apple.product-type.application";
		};
		74F1630F2681C25100A7BA37 /* imageSwiftUITests */ = {
			isa = PBXNativeTarget;
			buildConfigurationList = 74F163272681C25100A7BA37 /* Build configuration list for PBXNativeTarget "imageSwiftUITests" */;
			buildPhases = (
				74F1630C2681C25100A7BA37 /* Sources */,
				74F1630D2681C25100A7BA37 /* Frameworks */,
				74F1630E2681C25100A7BA37 /* Resources */,
			);
			buildRules = (
			);
			dependencies = (
				74F163122681C25100A7BA37 /* PBXTargetDependency */,
			);
			name = imageSwiftUITests;
			productName = imageSwiftUITests;
			productReference = 74F163102681C25100A7BA37 /* imageSwiftUITests.xctest */;
			productType = "com.apple.product-type.bundle.unit-test";
		};
		74F1631A2681C25100A7BA37 /* imageSwiftUIUITests */ = {
			isa = PBXNativeTarget;
			buildConfigurationList = 74F1632A2681C25100A7BA37 /* Build configuration list for PBXNativeTarget "imageSwiftUIUITests" */;
			buildPhases = (
				74F163172681C25100A7BA37 /* Sources */,
				74F163182681C25100A7BA37 /* Frameworks */,
				74F163192681C25100A7BA37 /* Resources */,
			);
			buildRules = (
			);
			dependencies = (
				74F1631D2681C25100A7BA37 /* PBXTargetDependency */,
			);
			name = imageSwiftUIUITests;
			productName = imageSwiftUIUITests;
			productReference = 74F1631B2681C25100A7BA37 /* imageSwiftUIUITests.xctest */;
			productType = "com.apple.product-type.bundle.ui-testing";
		};
/* End PBXNativeTarget section */

/* Begin PBXProject section */
		74F162F22681C24900A7BA37 /* Project object */ = {
			isa = PBXProject;
			attributes = {
				LastSwiftUpdateCheck = 1250;
				LastUpgradeCheck = 1250;
				TargetAttributes = {
					74F162F92681C24900A7BA37 = {
						CreatedOnToolsVersion = 12.5;
					};
					74F1630F2681C25100A7BA37 = {
						CreatedOnToolsVersion = 12.5;
						TestTargetID = 74F162F92681C24900A7BA37;
					};
					74F1631A2681C25100A7BA37 = {
						CreatedOnToolsVersion = 12.5;
						TestTargetID = 74F162F92681C24900A7BA37;
					};
				};
			};
			buildConfigurationList = 74F162F52681C24900A7BA37 /* Build configuration list for PBXProject "imageSwiftUI" */;
			compatibilityVersion = "Xcode 9.3";
			developmentRegion = en;
			hasScannedForEncodings = 0;
			knownRegions = (
				en,
				Base,
			);
			mainGroup = 74F162F12681C24900A7BA37;
			productRefGroup = 74F162FB2681C24900A7BA37 /* Products */;
			projectDirPath = "";
			projectRoot = "";
			targets = (
				74F162F92681C24900A7BA37 /* imageSwiftUI */,
				74F1630F2681C25100A7BA37 /* imageSwiftUITests */,
				74F1631A2681C25100A7BA37 /* imageSwiftUIUITests */,
			);
		};
/* End PBXProject section */

/* Begin PBXResourcesBuildPhase section */
		74F162F82681C24900A7BA37 /* Resources */ = {
			isa = PBXResourcesBuildPhase;
			buildActionMask = 2147483647;
			files = (
				74F1630A2681C25000A7BA37 /* LaunchScreen.storyboard in Resources */,
				74F163072681C25000A7BA37 /* Preview Assets.xcassets in Resources */,
				74F163042681C25000A7BA37 /* Assets.xcassets in Resources */,
			);
			runOnlyForDeploymentPostprocessing = 0;
		};
		74F1630E2681C25100A7BA37 /* Resources */ = {
			isa = PBXResourcesBuildPhase;
			buildActionMask = 2147483647;
			files = (
			);
			runOnlyForDeploymentPostprocessing = 0;
		};
		74F163192681C25100A7BA37 /* Resources */ = {
			isa = PBXResourcesBuildPhase;
			buildActionMask = 2147483647;
			files = (
			);
			runOnlyForDeploymentPostprocessing = 0;
		};
/* End PBXResourcesBuildPhase section */

/* Begin PBXSourcesBuildPhase section */
		74F162F62681C24900A7BA37 /* Sources */ = {
			isa = PBXSourcesBuildPhase;
			buildActionMask = 2147483647;
			files = (
				74F162FE2681C24900A7BA37 /* AppDelegate.swift in Sources */,
				74F163002681C24900A7BA37 /* SceneDelegate.swift in Sources */,
				74F163022681C24900A7BA37 /* ContentView.swift in Sources */,
			);
			runOnlyForDeploymentPostprocessing = 0;
		};
		74F1630C2681C25100A7BA37 /* Sources */ = {
			isa = PBXSourcesBuildPhase;
			buildActionMask = 2147483647;
			files = (
				74F163152681C25100A7BA37 /* imageSwiftUITests.swift in Sources */,
			);
			runOnlyForDeploymentPostprocessing = 0;
		};
		74F163172681C25100A7BA37 /* Sources */ = {
			isa = PBXSourcesBuildPhase;
			buildActionMask = 2147483647;
			files = (
				74F163202681C25100A7BA37 /* imageSwiftUIUITests.swift in Sources */,
			);
			runOnlyForDeploymentPostprocessing = 0;
		};
/* End PBXSourcesBuildPhase section */

/* Begin PBXTargetDependency section */
		74F163122681C25100A7BA37 /* PBXTargetDependency */ = {
			isa = PBXTargetDependency;
			target = 74F162F92681C24900A7BA37 /* imageSwiftUI */;
			targetProxy = 74F163112681C25100A7BA37 /* PBXContainerItemProxy */;
		};
		74F1631D2681C25100A7BA37 /* PBXTargetDependency */ = {
			isa = PBXTargetDependency;
			target = 74F162F92681C24900A7BA37 /* imageSwiftUI */;
			targetProxy = 74F1631C2681C25100A7BA37 /* PBXContainerItemProxy */;
		};
/* End PBXTargetDependency section */

/* Begin PBXVariantGroup section */
		74F163082681C25000A7BA37 /* LaunchScreen.storyboard */ = {
			isa = PBXVariantGroup;
			children = (
				74F163092681C25000A7BA37 /* Base */,
			);
			name = LaunchScreen.storyboard;
			sourceTree = "<group>";
		};
/* End PBXVariantGroup section */

/* Begin XCBuildConfiguration section */
		74F163222681C25100A7BA37 /* Debug */ = {
			isa = XCBuildConfiguration;
			buildSettings = {
				ALWAYS_SEARCH_USER_PATHS = NO;
				CLANG_ANALYZER_NONNULL = YES;
				CLANG_ANALYZER_NUMBER_OBJECT_CONVERSION = YES_AGGRESSIVE;
				CLANG_CXX_LANGUAGE_STANDARD = "gnu++14";
				CLANG_CXX_LIBRARY = "libc++";
				CLANG_ENABLE_MODULES = YES;
				CLANG_ENABLE_OBJC_ARC = YES;
				CLANG_ENABLE_OBJC_WEAK = YES;
				CLANG_WARN_BLOCK_CAPTURE_AUTORELEASING = YES;
				CLANG_WARN_BOOL_CONVERSION = YES;
				CLANG_WARN_COMMA = YES;
				CLANG_WARN_CONSTANT_CONVERSION = YES;
				CLANG_WARN_DEPRECATED_OBJC_IMPLEMENTATIONS = YES;
				CLANG_WARN_DIRECT_OBJC_ISA_USAGE = YES_ERROR;
				CLANG_WARN_DOCUMENTATION_COMMENTS = YES;
				CLANG_WARN_EMPTY_BODY = YES;
				CLANG_WARN_ENUM_CONVERSION = YES;
				CLANG_WARN_INFINITE_RECURSION = YES;
				CLANG_WARN_INT_CONVERSION = YES;
				CLANG_WARN_NON_LITERAL_NULL_CONVERSION = YES;
				CLANG_WARN_OBJC_IMPLICIT_RETAIN_SELF = YES;
				CLANG_WARN_OBJC_LITERAL_CONVERSION = YES;
				CLANG_WARN_OBJC_ROOT_CLASS = YES_ERROR;
				CLANG_WARN_QUOTED_INCLUDE_IN_FRAMEWORK_HEADER = YES;
				CLANG_WARN_RANGE_LOOP_ANALYSIS = YES;
				CLANG_WARN_STRICT_PROTOTYPES = YES;
				CLANG_WARN_SUSPICIOUS_MOVE = YES;
				CLANG_WARN_UNGUARDED_AVAILABILITY = YES_AGGRESSIVE;
				CLANG_WARN_UNREACHABLE_CODE = YES;
				CLANG_WARN__DUPLICATE_METHOD_MATCH = YES;
				COPY_PHASE_STRIP = NO;
				DEBUG_INFORMATION_FORMAT = dwarf;
				ENABLE_STRICT_OBJC_MSGSEND = YES;
				ENABLE_TESTABILITY = YES;
				GCC_C_LANGUAGE_STANDARD = gnu11;
				GCC_DYNAMIC_NO_PIC = NO;
				GCC_NO_COMMON_BLOCKS = YES;
				GCC_OPTIMIZATION_LEVEL = 0;
				GCC_PREPROCESSOR_DEFINITIONS = (
					"DEBUG=1",
					"$(inherited)",
				);
				GCC_WARN_64_TO_32_BIT_CONVERSION = YES;
				GCC_WARN_ABOUT_RETURN_TYPE = YES_ERROR;
				GCC_WARN_UNDECLARED_SELECTOR = YES;
				GCC_WARN_UNINITIALIZED_AUTOS = YES_AGGRESSIVE;
				GCC_WARN_UNUSED_FUNCTION = YES;
				GCC_WARN_UNUSED_VARIABLE = YES;
				IPHONEOS_DEPLOYMENT_TARGET = 14.5;
				MTL_ENABLE_DEBUG_INFO = INCLUDE_SOURCE;
				MTL_FAST_MATH = YES;
				ONLY_ACTIVE_ARCH = YES;
				SDKROOT = iphoneos;
				SWIFT_ACTIVE_COMPILATION_CONDITIONS = DEBUG;
				SWIFT_OPTIMIZATION_LEVEL = "-Onone";
			};
			name = Debug;
		};
		74F163232681C25100A7BA37 /* Release */ = {
			isa = XCBuildConfiguration;
			buildSettings = {
				ALWAYS_SEARCH_USER_PATHS = NO;
				CLANG_ANALYZER_NONNULL = YES;
				CLANG_ANALYZER_NUMBER_OBJECT_CONVERSION = YES_AGGRESSIVE;
				CLANG_CXX_LANGUAGE_STANDARD = "gnu++14";
				CLANG_CXX_LIBRARY = "libc++";
				CLANG_ENABLE_MODULES = YES;
				CLANG_ENABLE_OBJC_ARC = YES;
				CLANG_ENABLE_OBJC_WEAK = YES;
				CLANG_WARN_BLOCK_CAPTURE_AUTORELEASING = YES;
				CLANG_WARN_BOOL_CONVERSION = YES;
				CLANG_WARN_COMMA = YES;
				CLANG_WARN_CONSTANT_CONVERSION = YES;
				CLANG_WARN_DEPRECATED_OBJC_IMPLEMENTATIONS = YES;
				CLANG_WARN_DIRECT_OBJC_ISA_USAGE = YES_ERROR;
				CLANG_WARN_DOCUMENTATION_COMMENTS = YES;
				CLANG_WARN_EMPTY_BODY = YES;
				CLANG_WARN_ENUM_CONVERSION = YES;
				CLANG_WARN_INFINITE_RECURSION = YES;
				CLANG_WARN_INT_CONVERSION = YES;
				CLANG_WARN_NON_LITERAL_NULL_CONVERSION = YES;
				CLANG_WARN_OBJC_IMPLICIT_RETAIN_SELF = YES;
				CLANG_WARN_OBJC_LITERAL_CONVERSION = YES;
				CLANG_WARN_OBJC_ROOT_CLASS = YES_ERROR;
				CLANG_WARN_QUOTED_INCLUDE_IN_FRAMEWORK_HEADER = YES;
				CLANG_WARN_RANGE_LOOP_ANALYSIS = YES;
				CLANG_WARN_STRICT_PROTOTYPES = YES;
				CLANG_WARN_SUSPICIOUS_MOVE = YES;
				CLANG_WARN_UNGUARDED_AVAILABILITY = YES_AGGRESSIVE;
				CLANG_WARN_UNREACHABLE_CODE = YES;
				CLANG_WARN__DUPLICATE_METHOD_MATCH = YES;
				COPY_PHASE_STRIP = NO;
				DEBUG_INFORMATION_FORMAT = "dwarf-with-dsym";
				ENABLE_NS_ASSERTIONS = NO;
				ENABLE_STRICT_OBJC_MSGSEND = YES;
				GCC_C_LANGUAGE_STANDARD = gnu11;
				GCC_NO_COMMON_BLOCKS = YES;
				GCC_WARN_64_TO_32_BIT_CONVERSION = YES;
				GCC_WARN_ABOUT_RETURN_TYPE = YES_ERROR;
				GCC_WARN_UNDECLARED_SELECTOR = YES;
				GCC_WARN_UNINITIALIZED_AUTOS = YES_AGGRESSIVE;
				GCC_WARN_UNUSED_FUNCTION = YES;
				GCC_WARN_UNUSED_VARIABLE = YES;
				IPHONEOS_DEPLOYMENT_TARGET = 14.5;
				MTL_ENABLE_DEBUG_INFO = NO;
				MTL_FAST_MATH = YES;
				SDKROOT = iphoneos;
				SWIFT_COMPILATION_MODE = wholemodule;
				SWIFT_OPTIMIZATION_LEVEL = "-O";
				VALIDATE_PRODUCT = YES;
			};
			name = Release;
		};
		74F163252681C25100A7BA37 /* Debug */ = {
			isa = XCBuildConfiguration;
			buildSettings = {
				ASSETCATALOG_COMPILER_APPICON_NAME = AppIcon;
				ASSETCATALOG_COMPILER_GLOBAL_ACCENT_COLOR_NAME = AccentColor;
				CODE_SIGN_STYLE = Automatic;
				DEVELOPMENT_ASSET_PATHS = "\"imageSwiftUI/Preview Content\"";
				ENABLE_PREVIEWS = YES;
				INFOPLIST_FILE = imageSwiftUI/Info.plist;
				LD_RUNPATH_SEARCH_PATHS = (
					"$(inherited)",
					"@executable_path/Frameworks",
				);
				PRODUCT_BUNDLE_IDENTIFIER = com.krishna.imageSwiftUI;
				PRODUCT_NAME = "$(TARGET_NAME)";
				SWIFT_VERSION = 5.0;
				TARGETED_DEVICE_FAMILY = "1,2";
			};
			name = Debug;
		};
		74F163262681C25100A7BA37 /* Release */ = {
			isa = XCBuildConfiguration;
			buildSettings = {
				ASSETCATALOG_COMPILER_APPICON_NAME = AppIcon;
				ASSETCATALOG_COMPILER_GLOBAL_ACCENT_COLOR_NAME = AccentColor;
				CODE_SIGN_STYLE = Automatic;
				DEVELOPMENT_ASSET_PATHS = "\"imageSwiftUI/Preview Content\"";
				ENABLE_PREVIEWS = YES;
				INFOPLIST_FILE = imageSwiftUI/Info.plist;
				LD_RUNPATH_SEARCH_PATHS = (
					"$(inherited)",
					"@executable_path/Frameworks",
				);
				PRODUCT_BUNDLE_IDENTIFIER = com.krishna.imageSwiftUI;
				PRODUCT_NAME = "$(TARGET_NAME)";
				SWIFT_VERSION = 5.0;
				TARGETED_DEVICE_FAMILY = "1,2";
			};
			name = Release;
		};
		74F163282681C25100A7BA37 /* Debug */ = {
			isa = XCBuildConfiguration;
			buildSettings = {
				ALWAYS_EMBED_SWIFT_STANDARD_LIBRARIES = YES;
				BUNDLE_LOADER = "$(TEST_HOST)";
				CODE_SIGN_STYLE = Automatic;
				INFOPLIST_FILE = imageSwiftUITests/Info.plist;
				IPHONEOS_DEPLOYMENT_TARGET = 14.5;
				LD_RUNPATH_SEARCH_PATHS = (
					"$(inherited)",
					"@executable_path/Frameworks",
					"@loader_path/Frameworks",
				);
				PRODUCT_BUNDLE_IDENTIFIER = com.krishna.imageSwiftUITests;
				PRODUCT_NAME = "$(TARGET_NAME)";
				SWIFT_VERSION = 5.0;
				TARGETED_DEVICE_FAMILY = "1,2";
				TEST_HOST = "$(BUILT_PRODUCTS_DIR)/imageSwiftUI.app/imageSwiftUI";
			};
			name = Debug;
		};
		74F163292681C25100A7BA37 /* Release */ = {
			isa = XCBuildConfiguration;
			buildSettings = {
				ALWAYS_EMBED_SWIFT_STANDARD_LIBRARIES = YES;
				BUNDLE_LOADER = "$(TEST_HOST)";
				CODE_SIGN_STYLE = Automatic;
				INFOPLIST_FILE = imageSwiftUITests/Info.plist;
				IPHONEOS_DEPLOYMENT_TARGET = 14.5;
				LD_RUNPATH_SEARCH_PATHS = (
					"$(inherited)",
					"@executable_path/Frameworks",
					"@loader_path/Frameworks",
				);
				PRODUCT_BUNDLE_IDENTIFIER = com.krishna.imageSwiftUITests;
				PRODUCT_NAME = "$(TARGET_NAME)";
				SWIFT_VERSION = 5.0;
				TARGETED_DEVICE_FAMILY = "1,2";
				TEST_HOST = "$(BUILT_PRODUCTS_DIR)/imageSwiftUI.app/imageSwiftUI";
			};
			name = Release;
		};
		74F1632B2681C25100A7BA37 /* Debug */ = {
			isa = XCBuildConfiguration;
			buildSettings = {
				ALWAYS_EMBED_SWIFT_STANDARD_LIBRARIES = YES;
				CODE_SIGN_STYLE = Automatic;
				INFOPLIST_FILE = imageSwiftUIUITests/Info.plist;
				LD_RUNPATH_SEARCH_PATHS = (
					"$(inherited)",
					"@executable_path/Frameworks",
					"@loader_path/Frameworks",
				);
				PRODUCT_BUNDLE_IDENTIFIER = com.krishna.imageSwiftUIUITests;
				PRODUCT_NAME = "$(TARGET_NAME)";
				SWIFT_VERSION = 5.0;
				TARGETED_DEVICE_FAMILY = "1,2";
				TEST_TARGET_NAME = imageSwiftUI;
			};
			name = Debug;
		};
		74F1632C2681C25100A7BA37 /* Release */ = {
			isa = XCBuildConfiguration;
			buildSettings = {
				ALWAYS_EMBED_SWIFT_STANDARD_LIBRARIES = YES;
				CODE_SIGN_STYLE = Automatic;
				INFOPLIST_FILE = imageSwiftUIUITests/Info.plist;
				LD_RUNPATH_SEARCH_PATHS = (
					"$(inherited)",
					"@executable_path/Frameworks",
					"@loader_path/Frameworks",
				);
				PRODUCT_BUNDLE_IDENTIFIER = com.krishna.imageSwiftUIUITests;
				PRODUCT_NAME = "$(TARGET_NAME)";
				SWIFT_VERSION = 5.0;
				TARGETED_DEVICE_FAMILY = "1,2";
				TEST_TARGET_NAME = imageSwiftUI;
			};
			name = Release;
		};
/* End XCBuildConfiguration section */

/* Begin XCConfigurationList section */
		74F162F52681C24900A7BA37 /* Build configuration list for PBXProject "imageSwiftUI" */ = {
			isa = XCConfigurationList;
			buildConfigurations = (
				74F163222681C25100A7BA37 /* Debug */,
				74F163232681C25100A7BA37 /* Release */,
			);
			defaultConfigurationIsVisible = 0;
			defaultConfigurationName = Release;
		};
		74F163242681C25100A7BA37 /* Build configuration list for PBXNativeTarget "imageSwiftUI" */ = {
			isa = XCConfigurationList;
			buildConfigurations = (
				74F163252681C25100A7BA37 /* Debug */,
				74F163262681C25100A7BA37 /* Release */,
			);
			defaultConfigurationIsVisible = 0;
			defaultConfigurationName = Release;
		};
		74F163272681C25100A7BA37 /* Build configuration list for PBXNativeTarget "imageSwiftUITests" */ = {
			isa = XCConfigurationList;
			buildConfigurations = (
				74F163282681C25100A7BA37 /* Debug */,
				74F163292681C25100A7BA37 /* Release */,
			);
			defaultConfigurationIsVisible = 0;
			defaultConfigurationName = Release;
		};
		74F1632A2681C25100A7BA37 /* Build configuration list for PBXNativeTarget "imageSwiftUIUITests" */ = {
			isa = XCConfigurationList;
			buildConfigurations = (
				74F1632B2681C25100A7BA37 /* Debug */,
				74F1632C2681C25100A7BA37 /* Release */,
			);
			defaultConfigurationIsVisible = 0;
			defaultConfigurationName = Release;
		};
/* End XCConfigurationList section */
	};
	rootObject = 74F162F22681C24900A7BA37 /* Project object */;
}
