// !$*UTF8*$!
{
	archiveVersion = 1;
	classes = {
	};
	objectVersion = 50;
	objects = {

/* Begin PBXBuildFile section */
		74F162C22681BEB900A7BA37 /* AppDelegate.swift in Sources */ = {isa = PBXBuildFile; fileRef = 74F162C12681BEB900A7BA37 /* AppDelegate.swift */; };
		74F162C42681BEB900A7BA37 /* SceneDelegate.swift in Sources */ = {isa = PBXBuildFile; fileRef = 74F162C32681BEB900A7BA37 /* SceneDelegate.swift */; };
		74F162C62681BEB900A7BA37 /* ContentView.swift in Sources */ = {isa = PBXBuildFile; fileRef = 74F162C52681BEB900A7BA37 /* ContentView.swift */; };
		74F162C82681BEC100A7BA37 /* Assets.xcassets in Resources */ = {isa = PBXBuildFile; fileRef = 74F162C72681BEC100A7BA37 /* Assets.xcassets */; };
		74F162CB2681BEC100A7BA37 /* Preview Assets.xcassets in Resources */ = {isa = PBXBuildFile; fileRef = 74F162CA2681BEC100A7BA37 /* Preview Assets.xcassets */; };
		74F162CE2681BEC200A7BA37 /* LaunchScreen.storyboard in Resources */ = {isa = PBXBuildFile; fileRef = 74F162CC2681BEC200A7BA37 /* LaunchScreen.storyboard */; };
		74F162D92681BEC200A7BA37 /* textSwiftUITests.swift in Sources */ = {isa = PBXBuildFile; fileRef = 74F162D82681BEC200A7BA37 /* textSwiftUITests.swift */; };
		74F162E42681BEC200A7BA37 /* textSwiftUIUITests.swift in Sources */ = {isa = PBXBuildFile; fileRef = 74F162E32681BEC200A7BA37 /* textSwiftUIUITests.swift */; };
/* End PBXBuildFile section */

/* Begin PBXContainerItemProxy section */
		74F162D52681BEC200A7BA37 /* PBXContainerItemProxy */ = {
			isa = PBXContainerItemProxy;
			containerPortal = 74F162B62681BEB900A7BA37 /* Project object */;
			proxyType = 1;
			remoteGlobalIDString = 74F162BD2681BEB900A7BA37;
			remoteInfo = textSwiftUI;
		};
		74F162E02681BEC200A7BA37 /* PBXContainerItemProxy */ = {
			isa = PBXContainerItemProxy;
			containerPortal = 74F162B62681BEB900A7BA37 /* Project object */;
			proxyType = 1;
			remoteGlobalIDString = 74F162BD2681BEB900A7BA37;
			remoteInfo = textSwiftUI;
		};
/* End PBXContainerItemProxy section */

/* Begin PBXFileReference section */
		74F162BE2681BEB900A7BA37 /* textSwiftUI.app */ = {isa = PBXFileReference; explicitFileType = wrapper.application; includeInIndex = 0; path = textSwiftUI.app; sourceTree = BUILT_PRODUCTS_DIR; };
		74F162C12681BEB900A7BA37 /* AppDelegate.swift */ = {isa = PBXFileReference; lastKnownFileType = sourcecode.swift; path = AppDelegate.swift; sourceTree = "<group>"; };
		74F162C32681BEB900A7BA37 /* SceneDelegate.swift */ = {isa = PBXFileReference; lastKnownFileType = sourcecode.swift; path = SceneDelegate.swift; sourceTree = "<group>"; };
		74F162C52681BEB900A7BA37 /* ContentView.swift */ = {isa = PBXFileReference; lastKnownFileType = sourcecode.swift; path = ContentView.swift; sourceTree = "<group>"; };
		74F162C72681BEC100A7BA37 /* Assets.xcassets */ = {isa = PBXFileReference; lastKnownFileType = folder.assetcatalog; path = Assets.xcassets; sourceTree = "<group>"; };
		74F162CA2681BEC100A7BA37 /* Preview Assets.xcassets */ = {isa = PBXFileReference; lastKnownFileType = folder.assetcatalog; path = "Preview Assets.xcassets"; sourceTree = "<group>"; };
		74F162CD2681BEC200A7BA37 /* Base */ = {isa = PBXFileReference; lastKnownFileType = file.storyboard; name = Base; path = Base.lproj/LaunchScreen.storyboard; sourceTree = "<group>"; };
		74F162CF2681BEC200A7BA37 /* Info.plist */ = {isa = PBXFileReference; lastKnownFileType = text.plist.xml; path = Info.plist; sourceTree = "<group>"; };
		74F162D42681BEC200A7BA37 /* textSwiftUITests.xctest */ = {isa = PBXFileReference; explicitFileType = wrapper.cfbundle; includeInIndex = 0; path = textSwiftUITests.xctest; sourceTree = BUILT_PRODUCTS_DIR; };
		74F162D82681BEC200A7BA37 /* textSwiftUITests.swift */ = {isa = PBXFileReference; lastKnownFileType = sourcecode.swift; path = textSwiftUITests.swift; sourceTree = "<group>"; };
		74F162DA2681BEC200A7BA37 /* Info.plist */ = {isa = PBXFileReference; lastKnownFileType = text.plist.xml; path = Info.plist; sourceTree = "<group>"; };
		74F162DF2681BEC200A7BA37 /* textSwiftUIUITests.xctest */ = {isa = PBXFileReference; explicitFileType = wrapper.cfbundle; includeInIndex = 0; path = textSwiftUIUITests.xctest; sourceTree = BUILT_PRODUCTS_DIR; };
		74F162E32681BEC200A7BA37 /* textSwiftUIUITests.swift */ = {isa = PBXFileReference; lastKnownFileType = sourcecode.swift; path = textSwiftUIUITests.swift; sourceTree = "<group>"; };
		74F162E52681BEC200A7BA37 /* Info.plist */ = {isa = PBXFileReference; lastKnownFileType = text.plist.xml; path = Info.plist; sourceTree = "<group>"; };
/* End PBXFileReference section */

/* Begin PBXFrameworksBuildPhase section */
		74F162BB2681BEB900A7BA37 /* Frameworks */ = {
			isa = PBXFrameworksBuildPhase;
			buildActionMask = 2147483647;
			files = (
			);
			runOnlyForDeploymentPostprocessing = 0;
		};
		74F162D12681BEC200A7BA37 /* Frameworks */ = {
			isa = PBXFrameworksBuildPhase;
			buildActionMask = 2147483647;
			files = (
			);
			runOnlyForDeploymentPostprocessing = 0;
		};
		74F162DC2681BEC200A7BA37 /* Frameworks */ = {
			isa = PBXFrameworksBuildPhase;
			buildActionMask = 2147483647;
			files = (
			);
			runOnlyForDeploymentPostprocessing = 0;
		};
/* End PBXFrameworksBuildPhase section */

/* Begin PBXGroup section */
		74F162B52681BEB900A7BA37 = {
			isa = PBXGroup;
			children = (
				74F162C02681BEB900A7BA37 /* textSwiftUI */,
				74F162D72681BEC200A7BA37 /* textSwiftUITests */,
				74F162E22681BEC200A7BA37 /* textSwiftUIUITests */,
				74F162BF2681BEB900A7BA37 /* Products */,
			);
			sourceTree = "<group>";
		};
		74F162BF2681BEB900A7BA37 /* Products */ = {
			isa = PBXGroup;
			children = (
				74F162BE2681BEB900A7BA37 /* textSwiftUI.app */,
				74F162D42681BEC200A7BA37 /* textSwiftUITests.xctest */,
				74F162DF2681BEC200A7BA37 /* textSwiftUIUITests.xctest */,
			);
			name = Products;
			sourceTree = "<group>";
		};
		74F162C02681BEB900A7BA37 /* textSwiftUI */ = {
			isa = PBXGroup;
			children = (
				74F162C12681BEB900A7BA37 /* AppDelegate.swift */,
				74F162C32681BEB900A7BA37 /* SceneDelegate.swift */,
				74F162C52681BEB900A7BA37 /* ContentView.swift */,
				74F162C72681BEC100A7BA37 /* Assets.xcassets */,
				74F162CC2681BEC200A7BA37 /* LaunchScreen.storyboard */,
				74F162CF2681BEC200A7BA37 /* Info.plist */,
				74F162C92681BEC100A7BA37 /* Preview Content */,
			);
			path = textSwiftUI;
			sourceTree = "<group>";
		};
		74F162C92681BEC100A7BA37 /* Preview Content */ = {
			isa = PBXGroup;
			children = (
				74F162CA2681BEC100A7BA37 /* Preview Assets.xcassets */,
			);
			path = "Preview Content";
			sourceTree = "<group>";
		};
		74F162D72681BEC200A7BA37 /* textSwiftUITests */ = {
			isa = PBXGroup;
			children = (
				74F162D82681BEC200A7BA37 /* textSwiftUITests.swift */,
				74F162DA2681BEC200A7BA37 /* Info.plist */,
			);
			path = textSwiftUITests;
			sourceTree = "<group>";
		};
		74F162E22681BEC200A7BA37 /* textSwiftUIUITests */ = {
			isa = PBXGroup;
			children = (
				74F162E32681BEC200A7BA37 /* textSwiftUIUITests.swift */,
				74F162E52681BEC200A7BA37 /* Info.plist */,
			);
			path = textSwiftUIUITests;
			sourceTree = "<group>";
		};
/* End PBXGroup section */

/* Begin PBXNativeTarget section */
		74F162BD2681BEB900A7BA37 /* textSwiftUI */ = {
			isa = PBXNativeTarget;
			buildConfigurationList = 74F162E82681BEC200A7BA37 /* Build configuration list for PBXNativeTarget "textSwiftUI" */;
			buildPhases = (
				74F162BA2681BEB900A7BA37 /* Sources */,
				74F162BB2681BEB900A7BA37 /* Frameworks */,
				74F162BC2681BEB900A7BA37 /* Resources */,
			);
			buildRules = (
			);
			dependencies = (
			);
			name = textSwiftUI;
			productName = textSwiftUI;
			productReference = 74F162BE2681BEB900A7BA37 /* textSwiftUI.app */;
			productType = "com.apple.product-type.application";
		};
		74F162D32681BEC200A7BA37 /* textSwiftUITests */ = {
			isa = PBXNativeTarget;
			buildConfigurationList = 74F162EB2681BEC200A7BA37 /* Build configuration list for PBXNativeTarget "textSwiftUITests" */;
			buildPhases = (
				74F162D02681BEC200A7BA37 /* Sources */,
				74F162D12681BEC200A7BA37 /* Frameworks */,
				74F162D22681BEC200A7BA37 /* Resources */,
			);
			buildRules = (
			);
			dependencies = (
				74F162D62681BEC200A7BA37 /* PBXTargetDependency */,
			);
			name = textSwiftUITests;
			productName = textSwiftUITests;
			productReference = 74F162D42681BEC200A7BA37 /* textSwiftUITests.xctest */;
			productType = "com.apple.product-type.bundle.unit-test";
		};
		74F162DE2681BEC200A7BA37 /* textSwiftUIUITests */ = {
			isa = PBXNativeTarget;
			buildConfigurationList = 74F162EE2681BEC200A7BA37 /* Build configuration list for PBXNativeTarget "textSwiftUIUITests" */;
			buildPhases = (
				74F162DB2681BEC200A7BA37 /* Sources */,
				74F162DC2681BEC200A7BA37 /* Frameworks */,
				74F162DD2681BEC200A7BA37 /* Resources */,
			);
			buildRules = (
			);
			dependencies = (
				74F162E12681BEC200A7BA37 /* PBXTargetDependency */,
			);
			name = textSwiftUIUITests;
			productName = textSwiftUIUITests;
			productReference = 74F162DF2681BEC200A7BA37 /* textSwiftUIUITests.xctest */;
			productType = "com.apple.product-type.bundle.ui-testing";
		};
/* End PBXNativeTarget section */

/* Begin PBXProject section */
		74F162B62681BEB900A7BA37 /* Project object */ = {
			isa = PBXProject;
			attributes = {
				LastSwiftUpdateCheck = 1250;
				LastUpgradeCheck = 1250;
				TargetAttributes = {
					74F162BD2681BEB900A7BA37 = {
						CreatedOnToolsVersion = 12.5;
					};
					74F162D32681BEC200A7BA37 = {
						CreatedOnToolsVersion = 12.5;
						TestTargetID = 74F162BD2681BEB900A7BA37;
					};
					74F162DE2681BEC200A7BA37 = {
						CreatedOnToolsVersion = 12.5;
						TestTargetID = 74F162BD2681BEB900A7BA37;
					};
				};
			};
			buildConfigurationList = 74F162B92681BEB900A7BA37 /* Build configuration list for PBXProject "textSwiftUI" */;
			compatibilityVersion = "Xcode 9.3";
			developmentRegion = en;
			hasScannedForEncodings = 0;
			knownRegions = (
				en,
				Base,
			);
			mainGroup = 74F162B52681BEB900A7BA37;
			productRefGroup = 74F162BF2681BEB900A7BA37 /* Products */;
			projectDirPath = "";
			projectRoot = "";
			targets = (
				74F162BD2681BEB900A7BA37 /* textSwiftUI */,
				74F162D32681BEC200A7BA37 /* textSwiftUITests */,
				74F162DE2681BEC200A7BA37 /* textSwiftUIUITests */,
			);
		};
/* End PBXProject section */

/* Begin PBXResourcesBuildPhase section */
		74F162BC2681BEB900A7BA37 /* Resources */ = {
			isa = PBXResourcesBuildPhase;
			buildActionMask = 2147483647;
			files = (
				74F162CE2681BEC200A7BA37 /* LaunchScreen.storyboard in Resources */,
				74F162CB2681BEC100A7BA37 /* Preview Assets.xcassets in Resources */,
				74F162C82681BEC100A7BA37 /* Assets.xcassets in Resources */,
			);
			runOnlyForDeploymentPostprocessing = 0;
		};
		74F162D22681BEC200A7BA37 /* Resources */ = {
			isa = PBXResourcesBuildPhase;
			buildActionMask = 2147483647;
			files = (
			);
			runOnlyForDeploymentPostprocessing = 0;
		};
		74F162DD2681BEC200A7BA37 /* Resources */ = {
			isa = PBXResourcesBuildPhase;
			buildActionMask = 2147483647;
			files = (
			);
			runOnlyForDeploymentPostprocessing = 0;
		};
/* End PBXResourcesBuildPhase section */

/* Begin PBXSourcesBuildPhase section */
		74F162BA2681BEB900A7BA37 /* Sources */ = {
			isa = PBXSourcesBuildPhase;
			buildActionMask = 2147483647;
			files = (
				74F162C22681BEB900A7BA37 /* AppDelegate.swift in Sources */,
				74F162C42681BEB900A7BA37 /* SceneDelegate.swift in Sources */,
				74F162C62681BEB900A7BA37 /* ContentView.swift in Sources */,
			);
			runOnlyForDeploymentPostprocessing = 0;
		};
		74F162D02681BEC200A7BA37 /* Sources */ = {
			isa = PBXSourcesBuildPhase;
			buildActionMask = 2147483647;
			files = (
				74F162D92681BEC200A7BA37 /* textSwiftUITests.swift in Sources */,
			);
			runOnlyForDeploymentPostprocessing = 0;
		};
		74F162DB2681BEC200A7BA37 /* Sources */ = {
			isa = PBXSourcesBuildPhase;
			buildActionMask = 2147483647;
			files = (
				74F162E42681BEC200A7BA37 /* textSwiftUIUITests.swift in Sources */,
			);
			runOnlyForDeploymentPostprocessing = 0;
		};
/* End PBXSourcesBuildPhase section */

/* Begin PBXTargetDependency section */
		74F162D62681BEC200A7BA37 /* PBXTargetDependency */ = {
			isa = PBXTargetDependency;
			target = 74F162BD2681BEB900A7BA37 /* textSwiftUI */;
			targetProxy = 74F162D52681BEC200A7BA37 /* PBXContainerItemProxy */;
		};
		74F162E12681BEC200A7BA37 /* PBXTargetDependency */ = {
			isa = PBXTargetDependency;
			target = 74F162BD2681BEB900A7BA37 /* textSwiftUI */;
			targetProxy = 74F162E02681BEC200A7BA37 /* PBXContainerItemProxy */;
		};
/* End PBXTargetDependency section */

/* Begin PBXVariantGroup section */
		74F162CC2681BEC200A7BA37 /* LaunchScreen.storyboard */ = {
			isa = PBXVariantGroup;
			children = (
				74F162CD2681BEC200A7BA37 /* Base */,
			);
			name = LaunchScreen.storyboard;
			sourceTree = "<group>";
		};
/* End PBXVariantGroup section */

/* Begin XCBuildConfiguration section */
		74F162E62681BEC200A7BA37 /* Debug */ = {
			isa = XCBuildConfiguration;
			buildSettings = {
				ALWAYS_SEARCH_USER_PATHS = NO;
				CLANG_ANALYZER_NONNULL = YES;
				CLANG_ANALYZER_NUMBER_OBJECT_CONVERSION = YES_AGGRESSIVE;
				CLANG_CXX_LANGUAGE_STANDARD = "gnu++14";
				CLANG_CXX_LIBRARY = "libc++";
				CLANG_ENABLE_MODULES = YES;
				CLANG_ENABLE_OBJC_ARC = YES;
				CLANG_ENABLE_OBJC_WEAK = YES;
				CLANG_WARN_BLOCK_CAPTURE_AUTORELEASING = YES;
				CLANG_WARN_BOOL_CONVERSION = YES;
				CLANG_WARN_COMMA = YES;
				CLANG_WARN_CONSTANT_CONVERSION = YES;
				CLANG_WARN_DEPRECATED_OBJC_IMPLEMENTATIONS = YES;
				CLANG_WARN_DIRECT_OBJC_ISA_USAGE = YES_ERROR;
				CLANG_WARN_DOCUMENTATION_COMMENTS = YES;
				CLANG_WARN_EMPTY_BODY = YES;
				CLANG_WARN_ENUM_CONVERSION = YES;
				CLANG_WARN_INFINITE_RECURSION = YES;
				CLANG_WARN_INT_CONVERSION = YES;
				CLANG_WARN_NON_LITERAL_NULL_CONVERSION = YES;
				CLANG_WARN_OBJC_IMPLICIT_RETAIN_SELF = YES;
				CLANG_WARN_OBJC_LITERAL_CONVERSION = YES;
				CLANG_WARN_OBJC_ROOT_CLASS = YES_ERROR;
				CLANG_WARN_QUOTED_INCLUDE_IN_FRAMEWORK_HEADER = YES;
				CLANG_WARN_RANGE_LOOP_ANALYSIS = YES;
				CLANG_WARN_STRICT_PROTOTYPES = YES;
				CLANG_WARN_SUSPICIOUS_MOVE = YES;
				CLANG_WARN_UNGUARDED_AVAILABILITY = YES_AGGRESSIVE;
				CLANG_WARN_UNREACHABLE_CODE = YES;
				CLANG_WARN__DUPLICATE_METHOD_MATCH = YES;
				COPY_PHASE_STRIP = NO;
				DEBUG_INFORMATION_FORMAT = dwarf;
				ENABLE_STRICT_OBJC_MSGSEND = YES;
				ENABLE_TESTABILITY = YES;
				GCC_C_LANGUAGE_STANDARD = gnu11;
				GCC_DYNAMIC_NO_PIC = NO;
				GCC_NO_COMMON_BLOCKS = YES;
				GCC_OPTIMIZATION_LEVEL = 0;
				GCC_PREPROCESSOR_DEFINITIONS = (
					"DEBUG=1",
					"$(inherited)",
				);
				GCC_WARN_64_TO_32_BIT_CONVERSION = YES;
				GCC_WARN_ABOUT_RETURN_TYPE = YES_ERROR;
				GCC_WARN_UNDECLARED_SELECTOR = YES;
				GCC_WARN_UNINITIALIZED_AUTOS = YES_AGGRESSIVE;
				GCC_WARN_UNUSED_FUNCTION = YES;
				GCC_WARN_UNUSED_VARIABLE = YES;
				IPHONEOS_DEPLOYMENT_TARGET = 14.5;
				MTL_ENABLE_DEBUG_INFO = INCLUDE_SOURCE;
				MTL_FAST_MATH = YES;
				ONLY_ACTIVE_ARCH = YES;
				SDKROOT = iphoneos;
				SWIFT_ACTIVE_COMPILATION_CONDITIONS = DEBUG;
				SWIFT_OPTIMIZATION_LEVEL = "-Onone";
			};
			name = Debug;
		};
		74F162E72681BEC200A7BA37 /* Release */ = {
			isa = XCBuildConfiguration;
			buildSettings = {
				ALWAYS_SEARCH_USER_PATHS = NO;
				CLANG_ANALYZER_NONNULL = YES;
				CLANG_ANALYZER_NUMBER_OBJECT_CONVERSION = YES_AGGRESSIVE;
				CLANG_CXX_LANGUAGE_STANDARD = "gnu++14";
				CLANG_CXX_LIBRARY = "libc++";
				CLANG_ENABLE_MODULES = YES;
				CLANG_ENABLE_OBJC_ARC = YES;
				CLANG_ENABLE_OBJC_WEAK = YES;
				CLANG_WARN_BLOCK_CAPTURE_AUTORELEASING = YES;
				CLANG_WARN_BOOL_CONVERSION = YES;
				CLANG_WARN_COMMA = YES;
				CLANG_WARN_CONSTANT_CONVERSION = YES;
				CLANG_WARN_DEPRECATED_OBJC_IMPLEMENTATIONS = YES;
				CLANG_WARN_DIRECT_OBJC_ISA_USAGE = YES_ERROR;
				CLANG_WARN_DOCUMENTATION_COMMENTS = YES;
				CLANG_WARN_EMPTY_BODY = YES;
				CLANG_WARN_ENUM_CONVERSION = YES;
				CLANG_WARN_INFINITE_RECURSION = YES;
				CLANG_WARN_INT_CONVERSION = YES;
				CLANG_WARN_NON_LITERAL_NULL_CONVERSION = YES;
				CLANG_WARN_OBJC_IMPLICIT_RETAIN_SELF = YES;
				CLANG_WARN_OBJC_LITERAL_CONVERSION = YES;
				CLANG_WARN_OBJC_ROOT_CLASS = YES_ERROR;
				CLANG_WARN_QUOTED_INCLUDE_IN_FRAMEWORK_HEADER = YES;
				CLANG_WARN_RANGE_LOOP_ANALYSIS = YES;
				CLANG_WARN_STRICT_PROTOTYPES = YES;
				CLANG_WARN_SUSPICIOUS_MOVE = YES;
				CLANG_WARN_UNGUARDED_AVAILABILITY = YES_AGGRESSIVE;
				CLANG_WARN_UNREACHABLE_CODE = YES;
				CLANG_WARN__DUPLICATE_METHOD_MATCH = YES;
				COPY_PHASE_STRIP = NO;
				DEBUG_INFORMATION_FORMAT = "dwarf-with-dsym";
				ENABLE_NS_ASSERTIONS = NO;
				ENABLE_STRICT_OBJC_MSGSEND = YES;
				GCC_C_LANGUAGE_STANDARD = gnu11;
				GCC_NO_COMMON_BLOCKS = YES;
				GCC_WARN_64_TO_32_BIT_CONVERSION = YES;
				GCC_WARN_ABOUT_RETURN_TYPE = YES_ERROR;
				GCC_WARN_UNDECLARED_SELECTOR = YES;
				GCC_WARN_UNINITIALIZED_AUTOS = YES_AGGRESSIVE;
				GCC_WARN_UNUSED_FUNCTION = YES;
				GCC_WARN_UNUSED_VARIABLE = YES;
				IPHONEOS_DEPLOYMENT_TARGET = 14.5;
				MTL_ENABLE_DEBUG_INFO = NO;
				MTL_FAST_MATH = YES;
				SDKROOT = iphoneos;
				SWIFT_COMPILATION_MODE = wholemodule;
				SWIFT_OPTIMIZATION_LEVEL = "-O";
				VALIDATE_PRODUCT = YES;
			};
			name = Release;
		};
		74F162E92681BEC200A7BA37 /* Debug */ = {
			isa = XCBuildConfiguration;
			buildSettings = {
				ASSETCATALOG_COMPILER_APPICON_NAME = AppIcon;
				ASSETCATALOG_COMPILER_GLOBAL_ACCENT_COLOR_NAME = AccentColor;
				CODE_SIGN_STYLE = Automatic;
				DEVELOPMENT_ASSET_PATHS = "\"textSwiftUI/Preview Content\"";
				ENABLE_PREVIEWS = YES;
				INFOPLIST_FILE = textSwiftUI/Info.plist;
				LD_RUNPATH_SEARCH_PATHS = (
					"$(inherited)",
					"@executable_path/Frameworks",
				);
				PRODUCT_BUNDLE_IDENTIFIER = com.krishna.textSwiftUI;
				PRODUCT_NAME = "$(TARGET_NAME)";
				SWIFT_VERSION = 5.0;
				TARGETED_DEVICE_FAMILY = "1,2";
			};
			name = Debug;
		};
		74F162EA2681BEC200A7BA37 /* Release */ = {
			isa = XCBuildConfiguration;
			buildSettings = {
				ASSETCATALOG_COMPILER_APPICON_NAME = AppIcon;
				ASSETCATALOG_COMPILER_GLOBAL_ACCENT_COLOR_NAME = AccentColor;
				CODE_SIGN_STYLE = Automatic;
				DEVELOPMENT_ASSET_PATHS = "\"textSwiftUI/Preview Content\"";
				ENABLE_PREVIEWS = YES;
				INFOPLIST_FILE = textSwiftUI/Info.plist;
				LD_RUNPATH_SEARCH_PATHS = (
					"$(inherited)",
					"@executable_path/Frameworks",
				);
				PRODUCT_BUNDLE_IDENTIFIER = com.krishna.textSwiftUI;
				PRODUCT_NAME = "$(TARGET_NAME)";
				SWIFT_VERSION = 5.0;
				TARGETED_DEVICE_FAMILY = "1,2";
			};
			name = Release;
		};
		74F162EC2681BEC200A7BA37 /* Debug */ = {
			isa = XCBuildConfiguration;
			buildSettings = {
				ALWAYS_EMBED_SWIFT_STANDARD_LIBRARIES = YES;
				BUNDLE_LOADER = "$(TEST_HOST)";
				CODE_SIGN_STYLE = Automatic;
				INFOPLIST_FILE = textSwiftUITests/Info.plist;
				IPHONEOS_DEPLOYMENT_TARGET = 14.5;
				LD_RUNPATH_SEARCH_PATHS = (
					"$(inherited)",
					"@executable_path/Frameworks",
					"@loader_path/Frameworks",
				);
				PRODUCT_BUNDLE_IDENTIFIER = com.krishna.textSwiftUITests;
				PRODUCT_NAME = "$(TARGET_NAME)";
				SWIFT_VERSION = 5.0;
				TARGETED_DEVICE_FAMILY = "1,2";
				TEST_HOST = "$(BUILT_PRODUCTS_DIR)/textSwiftUI.app/textSwiftUI";
			};
			name = Debug;
		};
		74F162ED2681BEC200A7BA37 /* Release */ = {
			isa = XCBuildConfiguration;
			buildSettings = {
				ALWAYS_EMBED_SWIFT_STANDARD_LIBRARIES = YES;
				BUNDLE_LOADER = "$(TEST_HOST)";
				CODE_SIGN_STYLE = Automatic;
				INFOPLIST_FILE = textSwiftUITests/Info.plist;
				IPHONEOS_DEPLOYMENT_TARGET = 14.5;
				LD_RUNPATH_SEARCH_PATHS = (
					"$(inherited)",
					"@executable_path/Frameworks",
					"@loader_path/Frameworks",
				);
				PRODUCT_BUNDLE_IDENTIFIER = com.krishna.textSwiftUITests;
				PRODUCT_NAME = "$(TARGET_NAME)";
				SWIFT_VERSION = 5.0;
				TARGETED_DEVICE_FAMILY = "1,2";
				TEST_HOST = "$(BUILT_PRODUCTS_DIR)/textSwiftUI.app/textSwiftUI";
			};
			name = Release;
		};
		74F162EF2681BEC200A7BA37 /* Debug */ = {
			isa = XCBuildConfiguration;
			buildSettings = {
				ALWAYS_EMBED_SWIFT_STANDARD_LIBRARIES = YES;
				CODE_SIGN_STYLE = Automatic;
				INFOPLIST_FILE = textSwiftUIUITests/Info.plist;
				LD_RUNPATH_SEARCH_PATHS = (
					"$(inherited)",
					"@executable_path/Frameworks",
					"@loader_path/Frameworks",
				);
				PRODUCT_BUNDLE_IDENTIFIER = com.krishna.textSwiftUIUITests;
				PRODUCT_NAME = "$(TARGET_NAME)";
				SWIFT_VERSION = 5.0;
				TARGETED_DEVICE_FAMILY = "1,2";
				TEST_TARGET_NAME = textSwiftUI;
			};
			name = Debug;
		};
		74F162F02681BEC200A7BA37 /* Release */ = {
			isa = XCBuildConfiguration;
			buildSettings = {
				ALWAYS_EMBED_SWIFT_STANDARD_LIBRARIES = YES;
				CODE_SIGN_STYLE = Automatic;
				INFOPLIST_FILE = textSwiftUIUITests/Info.plist;
				LD_RUNPATH_SEARCH_PATHS = (
					"$(inherited)",
					"@executable_path/Frameworks",
					"@loader_path/Frameworks",
				);
				PRODUCT_BUNDLE_IDENTIFIER = com.krishna.textSwiftUIUITests;
				PRODUCT_NAME = "$(TARGET_NAME)";
				SWIFT_VERSION = 5.0;
				TARGETED_DEVICE_FAMILY = "1,2";
				TEST_TARGET_NAME = textSwiftUI;
			};
			name = Release;
		};
/* End XCBuildConfiguration section */

/* Begin XCConfigurationList section */
		74F162B92681BEB900A7BA37 /* Build configuration list for PBXProject "textSwiftUI" */ = {
			isa = XCConfigurationList;
			buildConfigurations = (
				74F162E62681BEC200A7BA37 /* Debug */,
				74F162E72681BEC200A7BA37 /* Release */,
			);
			defaultConfigurationIsVisible = 0;
			defaultConfigurationName = Release;
		};
		74F162E82681BEC200A7BA37 /* Build configuration list for PBXNativeTarget "textSwiftUI" */ = {
			isa = XCConfigurationList;
			buildConfigurations = (
				74F162E92681BEC200A7BA37 /* Debug */,
				74F162EA2681BEC200A7BA37 /* Release */,
			);
			defaultConfigurationIsVisible = 0;
			defaultConfigurationName = Release;
		};
		74F162EB2681BEC200A7BA37 /* Build configuration list for PBXNativeTarget "textSwiftUITests" */ = {
			isa = XCConfigurationList;
			buildConfigurations = (
				74F162EC2681BEC200A7BA37 /* Debug */,
				74F162ED2681BEC200A7BA37 /* Release */,
			);
			defaultConfigurationIsVisible = 0;
			defaultConfigurationName = Release;
		};
		74F162EE2681BEC200A7BA37 /* Build configuration list for PBXNativeTarget "textSwiftUIUITests" */ = {
			isa = XCConfigurationList;
			buildConfigurations = (
				74F162EF2681BEC200A7BA37 /* Debug */,
				74F162F02681BEC200A7BA37 /* Release */,
			);
			defaultConfigurationIsVisible = 0;
			defaultConfigurationName = Release;
		};
/* End XCConfigurationList section */
	};
	rootObject = 74F162B62681BEB900A7BA37 /* Project object */;
}
